
Microsoft Visual Studio Solution File, Format Version 12.00
# Visual Studio Version 17
VisualStudioVersion = 17.8.34525.116
MinimumVisualStudioVersion = 10.0.40219.1
Project("{FAE04EC0-301F-11D3-BF4B-00C04F79EFBC}") = "BarcoRScanner", "BarcoRScanner\BarcoRScanner.csproj", "{C1342228-C278-45B9-8DDB-F19763667274}"
EndProject
Project("{FAE04EC0-301F-11D3-BF4B-00C04F79EFBC}") = "BaRcodeRSanner", "BaRcodeRSanner\BaRcodeRSanner.csproj", "{F6255873-F42B-4FC5-BB89-FF40729F3379}"
EndProject
Project("{FAE04EC0-301F-11D3-BF4B-00C04F79EFBC}") = "CameraMauiTest", "CameraMauiTest\CameraMauiTest.csproj", "{CBB1910C-0D57-47D1-9BC4-032E71F2842E}"
EndProject
Global
	GlobalSection(SolutionConfigurationPlatforms) = preSolution
		Debug|Any CPU = Debug|Any CPU
		Release|Any CPU = Release|Any CPU
	EndGlobalSection
	GlobalSection(ProjectConfigurationPlatforms) = postSolution
		{C1342228-C278-45B9-8DDB-F19763667274}.Debug|Any CPU.ActiveCfg = Debug|Any CPU
		{C1342228-C278-45B9-8DDB-F19763667274}.Debug|Any CPU.Build.0 = Debug|Any CPU
		{C1342228-C278-45B9-8DDB-F19763667274}.Debug|Any CPU.Deploy.0 = Debug|Any CPU
		{C1342228-C278-45B9-8DDB-F19763667274}.Release|Any CPU.ActiveCfg = Release|Any CPU
		{C1342228-C278-45B9-8DDB-F19763667274}.Release|Any CPU.Build.0 = Release|Any CPU
		{C1342228-C278-45B9-8DDB-F19763667274}.Release|Any CPU.Deploy.0 = Release|Any CPU
		{F6255873-F42B-4FC5-BB89-FF40729F3379}.Debug|Any CPU.ActiveCfg = Debug|Any CPU
		{F6255873-F42B-4FC5-BB89-FF40729F3379}.Debug|Any CPU.Build.0 = Debug|Any CPU
		{F6255873-F42B-4FC5-BB89-FF40729F3379}.Debug|Any CPU.Deploy.0 = Debug|Any CPU
		{F6255873-F42B-4FC5-BB89-FF40729F3379}.Release|Any CPU.ActiveCfg = Release|Any CPU
		{F6255873-F42B-4FC5-BB89-FF40729F3379}.Release|Any CPU.Build.0 = Release|Any CPU
		{F6255873-F42B-4FC5-BB89-FF40729F3379}.Release|Any CPU.Deploy.0 = Release|Any CPU
		{CBB1910C-0D57-47D1-9BC4-032E71F2842E}.Debug|Any CPU.ActiveCfg = Debug|Any CPU
		{CBB1910C-0D57-47D1-9BC4-032E71F2842E}.Debug|Any CPU.Build.0 = Debug|Any CPU
		{CBB1910C-0D57-47D1-9BC4-032E71F2842E}.Debug|Any CPU.Deploy.0 = Debug|Any CPU
		{CBB1910C-0D57-47D1-9BC4-032E71F2842E}.Release|Any CPU.ActiveCfg = Release|Any CPU
		{CBB1910C-0D57-47D1-9BC4-032E71F2842E}.Release|Any CPU.Build.0 = Release|Any CPU
		{CBB1910C-0D57-47D1-9BC4-032E71F2842E}.Release|Any CPU.Deploy.0 = Release|Any CPU
	EndGlobalSection
	GlobalSection(SolutionProperties) = preSolution
		HideSolutionNode = FALSE
	EndGlobalSection
	GlobalSection(ExtensibilityGlobals) = postSolution
		SolutionGuid = {939FB789-8AAC-4724-9E9A-F48DE71EB32B}
	EndGlobalSection
EndGlobal
